{
  "version": 4,
  "terraform_version": "1.1.6",
  "serial": 35,
  "lineage": "653cacba-cee8-ba23-cf8a-784becb0c7d9",
  "outputs": {},
  "resources": [
    {
      "mode": "managed",
      "type": "azurerm_app_service",
      "name": "app1",
      "provider": "provider[\"registry.terraform.io/hashicorp/azurerm\"]",
      "instances": [
        {
          "schema_version": 0,
          "attributes": {
            "app_service_plan_id": "/subscriptions/7d39443c-83f2-4876-94cf-cd0f084c22ca/resourceGroups/resource-group1/providers/Microsoft.Web/serverfarms/dev-we-app-winplan-01",
            "app_settings": {
              "DeviceId": "2",
              "DeviceName": "SampleDevice"
            },
            "auth_settings": [
              {
                "active_directory": [],
                "additional_login_params": {},
                "allowed_external_redirect_urls": [],
                "default_provider": "",
                "enabled": false,
                "facebook": [],
                "google": [],
                "issuer": "",
                "microsoft": [],
                "runtime_version": "",
                "token_refresh_extension_hours": 0,
                "token_store_enabled": false,
                "twitter": [],
                "unauthenticated_client_action": ""
              }
            ],
            "backup": [],
            "client_affinity_enabled": false,
            "client_cert_enabled": false,
            "client_cert_mode": "Required",
            "connection_string": [],
            "custom_domain_verification_id": "AFB6951DBD0363773E45D8BC4714DFEBBA99F505056B405899DA3DA6DEA22E65",
            "default_site_hostname": "dev-we-app-01.azurewebsites.net",
            "enabled": true,
            "https_only": false,
            "id": "/subscriptions/7d39443c-83f2-4876-94cf-cd0f084c22ca/resourceGroups/resource-group1/providers/Microsoft.Web/sites/dev-we-app-01",
            "identity": [],
            "key_vault_reference_identity_id": "SystemAssigned",
            "location": "westeurope",
            "logs": [
              {
                "application_logs": [
                  {
                    "azure_blob_storage": [],
                    "file_system_level": "Off"
                  }
                ],
                "detailed_error_messages_enabled": false,
                "failed_request_tracing_enabled": false,
                "http_logs": [
                  {
                    "azure_blob_storage": [],
                    "file_system": []
                  }
                ]
              }
            ],
            "name": "dev-we-app-01",
            "outbound_ip_address_list": [
              "20.76.80.198",
              "20.76.80.210",
              "20.76.80.74",
              "20.76.81.57",
              "20.76.80.94",
              "20.76.81.135",
              "20.50.2.51"
            ],
            "outbound_ip_addresses": "20.76.80.198,20.76.80.210,20.76.80.74,20.76.81.57,20.76.80.94,20.76.81.135,20.50.2.51",
            "possible_outbound_ip_address_list": [
              "20.76.80.198",
              "20.76.80.210",
              "20.76.80.74",
              "20.76.81.57",
              "20.76.80.94",
              "20.76.81.135",
              "20.76.81.196",
              "20.76.81.247",
              "20.76.81.252",
              "20.76.82.82",
              "20.76.82.96",
              "20.76.82.99",
              "20.76.82.120",
              "20.76.82.215",
              "20.76.82.224",
              "20.76.82.246",
              "20.76.83.36",
              "20.76.83.56",
              "20.76.5.102",
              "20.76.5.103",
              "20.76.5.190",
              "20.76.5.191",
              "20.76.6.41",
              "20.76.6.168",
              "20.76.1.114",
              "20.76.6.169",
              "20.76.6.176",
              "20.76.6.177",
              "20.76.7.59",
              "20.76.7.128",
              "20.50.2.51"
            ],
            "possible_outbound_ip_addresses": "20.76.80.198,20.76.80.210,20.76.80.74,20.76.81.57,20.76.80.94,20.76.81.135,20.76.81.196,20.76.81.247,20.76.81.252,20.76.82.82,20.76.82.96,20.76.82.99,20.76.82.120,20.76.82.215,20.76.82.224,20.76.82.246,20.76.83.36,20.76.83.56,20.76.5.102,20.76.5.103,20.76.5.190,20.76.5.191,20.76.6.41,20.76.6.168,20.76.1.114,20.76.6.169,20.76.6.176,20.76.6.177,20.76.7.59,20.76.7.128,20.50.2.51",
            "resource_group_name": "resource-group1",
            "site_config": [
              {
                "acr_use_managed_identity_credentials": false,
                "acr_user_managed_identity_client_id": "",
                "always_on": false,
                "app_command_line": "",
                "auto_swap_slot_name": "",
                "cors": [],
                "default_documents": [
                  "Default.htm",
                  "Default.html",
                  "Default.asp",
                  "index.htm",
                  "index.html",
                  "iisstart.htm",
                  "default.aspx",
                  "index.php",
                  "hostingstart.html"
                ],
                "dotnet_framework_version": "v4.0",
                "ftps_state": "AllAllowed",
                "health_check_path": "",
                "http2_enabled": false,
                "ip_restriction": [],
                "java_container": "",
                "java_container_version": "",
                "java_version": "",
                "linux_fx_version": "",
                "local_mysql_enabled": false,
                "managed_pipeline_mode": "Integrated",
                "min_tls_version": "1.2",
                "number_of_workers": 1,
                "php_version": "5.6",
                "python_version": "",
                "remote_debugging_enabled": false,
                "remote_debugging_version": "",
                "scm_ip_restriction": [],
                "scm_type": "None",
                "scm_use_main_ip_restriction": false,
                "use_32_bit_worker_process": true,
                "vnet_route_all_enabled": false,
                "websockets_enabled": false,
                "windows_fx_version": ""
              }
            ],
            "site_credential": [
              {
                "password": "cEYFcPpWhCv5n5mxL7ucGfGq3PnEAoujppuv8t0gdbFldG0w7JhzhhBcik0m",
                "username": "$dev-we-app-01"
              }
            ],
            "source_control": [
              {
                "branch": "main",
                "manual_integration": false,
                "repo_url": "",
                "rollback_enabled": false,
                "use_mercurial": false
              }
            ],
            "storage_account": [],
            "tags": {},
            "timeouts": {
              "create": null,
              "delete": null,
              "read": null,
              "update": null
            }
          },
          "sensitive_attributes": [],
          "private": "eyJlMmJmYjczMC1lY2FhLTExZTYtOGY4OC0zNDM2M2JjN2M0YzAiOnsiY3JlYXRlIjoxODAwMDAwMDAwMDAwLCJkZWxldGUiOjE4MDAwMDAwMDAwMDAsInJlYWQiOjMwMDAwMDAwMDAwMCwidXBkYXRlIjoxODAwMDAwMDAwMDAwfSwic2NoZW1hX3ZlcnNpb24iOiIwIn0="
        }
      ]
    },
    {
      "mode": "managed",
      "type": "azurerm_resource_group",
      "name": "rg1",
      "provider": "provider[\"registry.terraform.io/hashicorp/azurerm\"]",
      "instances": [
        {
          "schema_version": 0,
          "attributes": {
            "id": "/subscriptions/7d39443c-83f2-4876-94cf-cd0f084c22ca/resourceGroups/rg11",
            "location": "eastus",
            "name": "rg11",
            "tags": {
              "environment": "test"
            },
            "timeouts": null
          },
          "sensitive_attributes": [],
          "private": "eyJlMmJmYjczMC1lY2FhLTExZTYtOGY4OC0zNDM2M2JjN2M0YzAiOnsiY3JlYXRlIjo1NDAwMDAwMDAwMDAwLCJkZWxldGUiOjU0MDAwMDAwMDAwMDAsInJlYWQiOjMwMDAwMDAwMDAwMCwidXBkYXRlIjo1NDAwMDAwMDAwMDAwfX0="
        }
      ]
    },
    {
      "mode": "managed",
      "type": "azurerm_resource_group",
      "name": "rg2",
      "provider": "provider[\"registry.terraform.io/hashicorp/azurerm\"]",
      "instances": [
        {
          "schema_version": 0,
          "attributes": {
            "id": "/subscriptions/7d39443c-83f2-4876-94cf-cd0f084c22ca/resourceGroups/rg12",
            "location": "eastus",
            "name": "rg12",
            "tags": {
              "environment": "test"
            },
            "timeouts": null
          },
          "sensitive_attributes": [],
          "private": "eyJlMmJmYjczMC1lY2FhLTExZTYtOGY4OC0zNDM2M2JjN2M0YzAiOnsiY3JlYXRlIjo1NDAwMDAwMDAwMDAwLCJkZWxldGUiOjU0MDAwMDAwMDAwMDAsInJlYWQiOjMwMDAwMDAwMDAwMCwidXBkYXRlIjo1NDAwMDAwMDAwMDAwfX0=",
          "dependencies": [
            "azurerm_resource_group.rg1"
          ]
        }
      ]
    },
    {
      "mode": "managed",
      "type": "azurerm_resource_group",
      "name": "rg20",
      "provider": "provider[\"registry.terraform.io/hashicorp/azurerm\"]",
      "instances": [
        {
          "schema_version": 0,
          "attributes": {
            "id": "/subscriptions/7d39443c-83f2-4876-94cf-cd0f084c22ca/resourceGroups/resource-group1",
            "location": "westus3",
            "name": "resource-group1",
            "tags": {
              "env": "test",
              "owner": "jeetendra"
            },
            "timeouts": {
              "create": null,
              "delete": null,
              "read": null,
              "update": null
            }
          },
          "sensitive_attributes": [],
          "private": "eyJlMmJmYjczMC1lY2FhLTExZTYtOGY4OC0zNDM2M2JjN2M0YzAiOnsiY3JlYXRlIjo1NDAwMDAwMDAwMDAwLCJkZWxldGUiOjU0MDAwMDAwMDAwMDAsInJlYWQiOjMwMDAwMDAwMDAwMCwidXBkYXRlIjo1NDAwMDAwMDAwMDAwfSwic2NoZW1hX3ZlcnNpb24iOiIwIn0="
        }
      ]
    },
    {
      "mode": "managed",
      "type": "azurerm_resource_group",
      "name": "rg3",
      "provider": "provider[\"registry.terraform.io/hashicorp/azurerm\"]",
      "instances": [
        {
          "schema_version": 0,
          "attributes": {
            "id": "/subscriptions/7d39443c-83f2-4876-94cf-cd0f084c22ca/resourceGroups/rg13",
            "location": "eastus",
            "name": "rg13",
            "tags": {
              "environment": "test"
            },
            "timeouts": null
          },
          "sensitive_attributes": [],
          "private": "eyJlMmJmYjczMC1lY2FhLTExZTYtOGY4OC0zNDM2M2JjN2M0YzAiOnsiY3JlYXRlIjo1NDAwMDAwMDAwMDAwLCJkZWxldGUiOjU0MDAwMDAwMDAwMDAsInJlYWQiOjMwMDAwMDAwMDAwMCwidXBkYXRlIjo1NDAwMDAwMDAwMDAwfX0=",
          "dependencies": [
            "azurerm_resource_group.rg1"
          ]
        }
      ]
    },
    {
      "mode": "managed",
      "type": "azurerm_storage_account",
      "name": "storage",
      "provider": "provider[\"registry.terraform.io/hashicorp/azurerm\"]",
      "instances": [
        {
          "schema_version": 3,
          "attributes": {
            "access_tier": "Hot",
            "account_kind": "StorageV2",
            "account_replication_type": "GRS",
            "account_tier": "Standard",
            "allow_nested_items_to_be_public": true,
            "azure_files_authentication": [],
            "blob_properties": [
              {
                "change_feed_enabled": false,
                "container_delete_retention_policy": [],
                "cors_rule": [],
                "default_service_version": "",
                "delete_retention_policy": [],
                "last_access_time_enabled": false,
                "versioning_enabled": false
              }
            ],
            "cross_tenant_replication_enabled": true,
            "custom_domain": [],
            "customer_managed_key": [],
            "edge_zone": "",
            "enable_https_traffic_only": true,
            "id": "/subscriptions/7d39443c-83f2-4876-94cf-cd0f084c22ca/resourceGroups/rg11/providers/Microsoft.Storage/storageAccounts/suresh123455w2",
            "identity": [],
            "infrastructure_encryption_enabled": false,
            "is_hns_enabled": false,
            "large_file_share_enabled": null,
            "location": "eastus",
            "min_tls_version": "TLS1_2",
            "name": "suresh123455w2",
            "network_rules": [
              {
                "bypass": [
                  "AzureServices"
                ],
                "default_action": "Allow",
                "ip_rules": [],
                "private_link_access": [],
                "virtual_network_subnet_ids": []
              }
            ],
            "nfsv3_enabled": false,
            "primary_access_key": "C2pENHL5SS2Pr58I1yK99PpTGKuWZqdxNBgoxByFv1aKjjCtJcleBA4wwnMFLbFdPrmntMrt1c3E+AStvGVh8A==",
            "primary_blob_connection_string": "DefaultEndpointsProtocol=https;BlobEndpoint=https://suresh123455w2.blob.core.windows.net/;AccountName=suresh123455w2;AccountKey=C2pENHL5SS2Pr58I1yK99PpTGKuWZqdxNBgoxByFv1aKjjCtJcleBA4wwnMFLbFdPrmntMrt1c3E+AStvGVh8A==",
            "primary_blob_endpoint": "https://suresh123455w2.blob.core.windows.net/",
            "primary_blob_host": "suresh123455w2.blob.core.windows.net",
            "primary_connection_string": "DefaultEndpointsProtocol=https;AccountName=suresh123455w2;AccountKey=C2pENHL5SS2Pr58I1yK99PpTGKuWZqdxNBgoxByFv1aKjjCtJcleBA4wwnMFLbFdPrmntMrt1c3E+AStvGVh8A==;EndpointSuffix=core.windows.net",
            "primary_dfs_endpoint": "https://suresh123455w2.dfs.core.windows.net/",
            "primary_dfs_host": "suresh123455w2.dfs.core.windows.net",
            "primary_file_endpoint": "https://suresh123455w2.file.core.windows.net/",
            "primary_file_host": "suresh123455w2.file.core.windows.net",
            "primary_location": "eastus",
            "primary_queue_endpoint": "https://suresh123455w2.queue.core.windows.net/",
            "primary_queue_host": "suresh123455w2.queue.core.windows.net",
            "primary_table_endpoint": "https://suresh123455w2.table.core.windows.net/",
            "primary_table_host": "suresh123455w2.table.core.windows.net",
            "primary_web_endpoint": "https://suresh123455w2.z13.web.core.windows.net/",
            "primary_web_host": "suresh123455w2.z13.web.core.windows.net",
            "queue_encryption_key_type": "Service",
            "queue_properties": [
              {
                "cors_rule": [],
                "hour_metrics": [
                  {
                    "enabled": true,
                    "include_apis": true,
                    "retention_policy_days": 7,
                    "version": "1.0"
                  }
                ],
                "logging": [
                  {
                    "delete": false,
                    "read": false,
                    "retention_policy_days": 0,
                    "version": "1.0",
                    "write": false
                  }
                ],
                "minute_metrics": [
                  {
                    "enabled": false,
                    "include_apis": false,
                    "retention_policy_days": 0,
                    "version": "1.0"
                  }
                ]
              }
            ],
            "resource_group_name": "rg11",
            "routing": [],
            "secondary_access_key": "MujqZ0Ssj/3Nns2W+s9Xj69G62hNr+bM62wBr5PXYaVmbowUFhFZW6eynmeuALK4WsWKK3Wn/VMg+AStmE6smg==",
            "secondary_blob_connection_string": "",
            "secondary_blob_endpoint": null,
            "secondary_blob_host": null,
            "secondary_connection_string": "DefaultEndpointsProtocol=https;AccountName=suresh123455w2;AccountKey=MujqZ0Ssj/3Nns2W+s9Xj69G62hNr+bM62wBr5PXYaVmbowUFhFZW6eynmeuALK4WsWKK3Wn/VMg+AStmE6smg==;EndpointSuffix=core.windows.net",
            "secondary_dfs_endpoint": null,
            "secondary_dfs_host": null,
            "secondary_file_endpoint": null,
            "secondary_file_host": null,
            "secondary_location": "westus",
            "secondary_queue_endpoint": null,
            "secondary_queue_host": null,
            "secondary_table_endpoint": null,
            "secondary_table_host": null,
            "secondary_web_endpoint": null,
            "secondary_web_host": null,
            "share_properties": [
              {
                "cors_rule": [],
                "retention_policy": [
                  {
                    "days": 7
                  }
                ],
                "smb": []
              }
            ],
            "shared_access_key_enabled": true,
            "static_website": [],
            "table_encryption_key_type": "Service",
            "tags": {
              "environment": "test"
            },
            "timeouts": null
          },
          "sensitive_attributes": [],
          "private": "eyJlMmJmYjczMC1lY2FhLTExZTYtOGY4OC0zNDM2M2JjN2M0YzAiOnsiY3JlYXRlIjozNjAwMDAwMDAwMDAwLCJkZWxldGUiOjM2MDAwMDAwMDAwMDAsInJlYWQiOjMwMDAwMDAwMDAwMCwidXBkYXRlIjozNjAwMDAwMDAwMDAwfSwic2NoZW1hX3ZlcnNpb24iOiIzIn0=",
          "dependencies": [
            "azurerm_resource_group.rg1"
          ]
        }
      ]
    },
    {
      "mode": "managed",
      "type": "azurerm_virtual_network",
      "name": "vnet1",
      "provider": "provider[\"registry.terraform.io/hashicorp/azurerm\"]",
      "instances": [
        {
          "schema_version": 0,
          "attributes": {
            "address_space": [
              "10.5.0.0/16"
            ],
            "bgp_community": "",
            "ddos_protection_plan": [],
            "dns_servers": [
              "10.5.0.4",
              "10.5.0.5"
            ],
            "edge_zone": "",
            "flow_timeout_in_minutes": 0,
            "guid": "135dc8bd-b3fc-42d4-b903-371b07ec853b",
            "id": "/subscriptions/7d39443c-83f2-4876-94cf-cd0f084c22ca/resourceGroups/rg11/providers/Microsoft.Network/virtualNetworks/vnet01",
            "location": "eastus",
            "name": "vnet01",
            "resource_group_name": "rg11",
            "subnet": [
              {
                "address_prefix": "10.5.1.0/24",
                "id": "/subscriptions/7d39443c-83f2-4876-94cf-cd0f084c22ca/resourceGroups/rg11/providers/Microsoft.Network/virtualNetworks/vnet01/subnets/subnet1",
                "name": "subnet1",
                "security_group": ""
              },
              {
                "address_prefix": "10.5.2.0/24",
                "id": "/subscriptions/7d39443c-83f2-4876-94cf-cd0f084c22ca/resourceGroups/rg11/providers/Microsoft.Network/virtualNetworks/vnet01/subnets/subnet2",
                "name": "subnet2",
                "security_group": ""
              }
            ],
            "tags": {
              "environment": "test"
            },
            "timeouts": null
          },
          "sensitive_attributes": [],
          "private": "eyJlMmJmYjczMC1lY2FhLTExZTYtOGY4OC0zNDM2M2JjN2M0YzAiOnsiY3JlYXRlIjoxODAwMDAwMDAwMDAwLCJkZWxldGUiOjE4MDAwMDAwMDAwMDAsInJlYWQiOjMwMDAwMDAwMDAwMCwidXBkYXRlIjoxODAwMDAwMDAwMDAwfX0=",
          "dependencies": [
            "azurerm_resource_group.rg1"
          ]
        }
      ]
    }
  ]
}
